
Microsoft Visual Studio Solution File, Format Version 12.00
# Visual Studio Version 17
VisualStudioVersion = 17.9.34723.18
MinimumVisualStudioVersion = 10.0.40219.1
Project("{FAE04EC0-301F-11D3-BF4B-00C04F79EFBC}") = "Day3_part1", "Day3_part1\Day3_part1.csproj", "{4AA59E71-65E8-4CB8-8642-013C623F1BF5}"
EndProject
Project("{FAE04EC0-301F-11D3-BF4B-00C04F79EFBC}") = "Day3_part2", "Day3_part2\Day3_part2.csproj", "{E3A72C49-82DB-4FB2-881B-4AE9A4B9BA10}"
EndProject
Global
	GlobalSection(SolutionConfigurationPlatforms) = preSolution
		Debug|Any CPU = Debug|Any CPU
		Release|Any CPU = Release|Any CPU
	EndGlobalSection
	GlobalSection(ProjectConfigurationPlatforms) = postSolution
		{4AA59E71-65E8-4CB8-8642-013C623F1BF5}.Debug|Any CPU.ActiveCfg = Debug|Any CPU
		{4AA59E71-65E8-4CB8-8642-013C623F1BF5}.Debug|Any CPU.Build.0 = Debug|Any CPU
		{4AA59E71-65E8-4CB8-8642-013C623F1BF5}.Release|Any CPU.ActiveCfg = Release|Any CPU
		{4AA59E71-65E8-4CB8-8642-013C623F1BF5}.Release|Any CPU.Build.0 = Release|Any CPU
		{E3A72C49-82DB-4FB2-881B-4AE9A4B9BA10}.Debug|Any CPU.ActiveCfg = Debug|Any CPU
		{E3A72C49-82DB-4FB2-881B-4AE9A4B9BA10}.Debug|Any CPU.Build.0 = Debug|Any CPU
		{E3A72C49-82DB-4FB2-881B-4AE9A4B9BA10}.Release|Any CPU.ActiveCfg = Release|Any CPU
		{E3A72C49-82DB-4FB2-881B-4AE9A4B9BA10}.Release|Any CPU.Build.0 = Release|Any CPU
	EndGlobalSection
	GlobalSection(SolutionProperties) = preSolution
		HideSolutionNode = FALSE
	EndGlobalSection
	GlobalSection(ExtensibilityGlobals) = postSolution
		SolutionGuid = {0BCE3226-F624-499B-ACD6-D97468AFA419}
	EndGlobalSection
EndGlobal
